
Microsoft Visual Studio Solution File, Format Version 12.00
# Visual Studio Version 17
VisualStudioVersion = 17.11.35208.52
MinimumVisualStudioVersion = 10.0.40219.1
Project("{FAE04EC0-301F-11D3-BF4B-00C04F79EFBC}") = "Proyecto final1", "Proyecto final1\Proyecto final1.csproj", "{0871B590-8CAA-492A-8CDB-15257E0F8B48}"
EndProject
Global
	GlobalSection(SolutionConfigurationPlatforms) = preSolution
		Debug|Any CPU = Debug|Any CPU
		Release|Any CPU = Release|Any CPU
	EndGlobalSection
	GlobalSection(ProjectConfigurationPlatforms) = postSolution
		{0871B590-8CAA-492A-8CDB-15257E0F8B48}.Debug|Any CPU.ActiveCfg = Debug|Any CPU
		{0871B590-8CAA-492A-8CDB-15257E0F8B48}.Debug|Any CPU.Build.0 = Debug|Any CPU
		{0871B590-8CAA-492A-8CDB-15257E0F8B48}.Release|Any CPU.ActiveCfg = Release|Any CPU
		{0871B590-8CAA-492A-8CDB-15257E0F8B48}.Release|Any CPU.Build.0 = Release|Any CPU
	EndGlobalSection
	GlobalSection(SolutionProperties) = preSolution
		HideSolutionNode = FALSE
	EndGlobalSection
	GlobalSection(ExtensibilityGlobals) = postSolution
		SolutionGuid = {AB066BC4-DDFB-4973-A1F7-0743560D93DE}
	EndGlobalSection
EndGlobal
